
Microsoft Visual Studio Solution File, Format Version 12.00
# Visual Studio Version 17
VisualStudioVersion = 17.2.32519.379
MinimumVisualStudioVersion = 10.0.40219.1
Project("{FAE04EC0-301F-11D3-BF4B-00C04F79EFBC}") = "Cards.API", "Cards.API\Cards.API.csproj", "{B0C7C063-FF07-4D49-8975-0DF32B1DE75A}"
EndProject
Global
	GlobalSection(SolutionConfigurationPlatforms) = preSolution
		Debug|Any CPU = Debug|Any CPU
		Release|Any CPU = Release|Any CPU
	EndGlobalSection
	GlobalSection(ProjectConfigurationPlatforms) = postSolution
		{B0C7C063-FF07-4D49-8975-0DF32B1DE75A}.Debug|Any CPU.ActiveCfg = Debug|Any CPU
		{B0C7C063-FF07-4D49-8975-0DF32B1DE75A}.Debug|Any CPU.Build.0 = Debug|Any CPU
		{B0C7C063-FF07-4D49-8975-0DF32B1DE75A}.Release|Any CPU.ActiveCfg = Release|Any CPU
		{B0C7C063-FF07-4D49-8975-0DF32B1DE75A}.Release|Any CPU.Build.0 = Release|Any CPU
	EndGlobalSection
	GlobalSection(SolutionProperties) = preSolution
		HideSolutionNode = FALSE
	EndGlobalSection
	GlobalSection(ExtensibilityGlobals) = postSolution
		SolutionGuid = {410EA68D-8993-4A91-8FB2-C5860BE7C843}
	EndGlobalSection
EndGlobal
